// !$*UTF8*$!
{
	archiveVersion = 1;
	classes = {
	};
	objectVersion = 48;
	objects = {

/* Begin PBXBuildFile section */
		07FC0FD28188C806AA113D99 /* Pods_NMDbUITests.framework in Frameworks */ = {isa = PBXBuildFile; fileRef = C3DD27B0CF45301CD46B2317 /* Pods_NMDbUITests.framework */; };
		8525F57A2A31C17EDBD3A4A4 /* Pods_NMDbTests.framework in Frameworks */ = {isa = PBXBuildFile; fileRef = 59CD1737709BBE2F931943F8 /* Pods_NMDbTests.framework */; };
		989012F0ED02F73A12579AF1 /* Pods_NMDb.framework in Frameworks */ = {isa = PBXBuildFile; fileRef = C4500E6723B3B91281488395 /* Pods_NMDb.framework */; };
		E16C0C9220226FF0002FF97B /* ViewExtension.swift in Sources */ = {isa = PBXBuildFile; fileRef = E16C0C9120226FF0002FF97B /* ViewExtension.swift */; };
		E16C0C9420226FF8002FF97B /* CollectionViewExtension.swift in Sources */ = {isa = PBXBuildFile; fileRef = E16C0C9320226FF8002FF97B /* CollectionViewExtension.swift */; };
		E197B1E720233E300069B81C /* Kingfisher.framework in Frameworks */ = {isa = PBXBuildFile; fileRef = E197B1E620233E300069B81C /* Kingfisher.framework */; };
		E197B1E9202376CC0069B81C /* GradientView.swift in Sources */ = {isa = PBXBuildFile; fileRef = E197B1E8202376CC0069B81C /* GradientView.swift */; };
		E1C437DA201F3B6C00FE1BB3 /* AppDelegate.swift in Sources */ = {isa = PBXBuildFile; fileRef = E1C437D9201F3B6C00FE1BB3 /* AppDelegate.swift */; };
		E1C437DC201F3B6C00FE1BB3 /* LauchViewController.swift in Sources */ = {isa = PBXBuildFile; fileRef = E1C437DB201F3B6C00FE1BB3 /* LauchViewController.swift */; };
		E1C437DF201F3B6C00FE1BB3 /* Main.storyboard in Resources */ = {isa = PBXBuildFile; fileRef = E1C437DD201F3B6C00FE1BB3 /* Main.storyboard */; };
		E1C437E1201F3B6C00FE1BB3 /* Assets.xcassets in Resources */ = {isa = PBXBuildFile; fileRef = E1C437E0201F3B6C00FE1BB3 /* Assets.xcassets */; };
		E1C437E4201F3B6C00FE1BB3 /* LaunchScreen.storyboard in Resources */ = {isa = PBXBuildFile; fileRef = E1C437E2201F3B6C00FE1BB3 /* LaunchScreen.storyboard */; };
		E1C437EF201F3B6C00FE1BB3 /* NMDbTests.swift in Sources */ = {isa = PBXBuildFile; fileRef = E1C437EE201F3B6C00FE1BB3 /* NMDbTests.swift */; };
		E1C437FA201F3B6C00FE1BB3 /* NMDbUITests.swift in Sources */ = {isa = PBXBuildFile; fileRef = E1C437F9201F3B6C00FE1BB3 /* NMDbUITests.swift */; };
		E1C4381B201F8E0300FE1BB3 /* NetworkProvider.swift in Sources */ = {isa = PBXBuildFile; fileRef = E1C4381A201F8E0300FE1BB3 /* NetworkProvider.swift */; };
		E1C43821201F8F8800FE1BB3 /* HandleError.swift in Sources */ = {isa = PBXBuildFile; fileRef = E1C4381D201F8F8800FE1BB3 /* HandleError.swift */; };
		E1C43822201F8F8800FE1BB3 /* BusinessError.swift in Sources */ = {isa = PBXBuildFile; fileRef = E1C4381F201F8F8800FE1BB3 /* BusinessError.swift */; };
		E1C43823201F8F8800FE1BB3 /* TechnicalError.swift in Sources */ = {isa = PBXBuildFile; fileRef = E1C43820201F8F8800FE1BB3 /* TechnicalError.swift */; };
		E1F1E34620237B270024DBB8 /* DetailsViewController.swift in Sources */ = {isa = PBXBuildFile; fileRef = E1F1E34520237B270024DBB8 /* DetailsViewController.swift */; };
		E1F1E34820238A6E0024DBB8 /* MovieRequest.swift in Sources */ = {isa = PBXBuildFile; fileRef = E1F1E34720238A6E0024DBB8 /* MovieRequest.swift */; };
		E1F1E34B20238EA30024DBB8 /* DetailsManager.swift in Sources */ = {isa = PBXBuildFile; fileRef = E1F1E34A20238EA30024DBB8 /* DetailsManager.swift */; };
		E1F1E34D202392690024DBB8 /* ViewCustomizable.swift in Sources */ = {isa = PBXBuildFile; fileRef = E1F1E34C202392690024DBB8 /* ViewCustomizable.swift */; };
		E1F1E350202393CC0024DBB8 /* DetailsView.swift in Sources */ = {isa = PBXBuildFile; fileRef = E1F1E34F202393CC0024DBB8 /* DetailsView.swift */; };
		E1F1E3522023B6010024DBB8 /* Genre.swift in Sources */ = {isa = PBXBuildFile; fileRef = E1F1E3512023B6010024DBB8 /* Genre.swift */; };
		E1F1E3552023C88B0024DBB8 /* MovieListRequest.swift in Sources */ = {isa = PBXBuildFile; fileRef = E1F1E3542023C88B0024DBB8 /* MovieListRequest.swift */; };
		E1F1E3572023DCB70024DBB8 /* MovieType.swift in Sources */ = {isa = PBXBuildFile; fileRef = E1F1E3562023DCB70024DBB8 /* MovieType.swift */; };
		E1FFF22A2020859D00A602E6 /* LocalizableStrings.swift in Sources */ = {isa = PBXBuildFile; fileRef = E1FFF2292020859D00A602E6 /* LocalizableStrings.swift */; };
		E1FFF22E2020860E00A602E6 /* LocalizableStringExtension.swift in Sources */ = {isa = PBXBuildFile; fileRef = E1FFF22D2020860E00A602E6 /* LocalizableStringExtension.swift */; };
		E1FFF23120208DF700A602E6 /* Chameleon.framework in Frameworks */ = {isa = PBXBuildFile; fileRef = E1FFF23020208DF700A602E6 /* Chameleon.framework */; };
		E1FFF2362020920400A602E6 /* Reachability.framework in Frameworks */ = {isa = PBXBuildFile; fileRef = E1FFF2342020920400A602E6 /* Reachability.framework */; };
		E1FFF2392020921400A602E6 /* SwiftMessages.framework in Frameworks */ = {isa = PBXBuildFile; fileRef = E1FFF2382020921400A602E6 /* SwiftMessages.framework */; };
		E1FFF23C2020A4AD00A602E6 /* AnimatedText.swift in Sources */ = {isa = PBXBuildFile; fileRef = E1FFF23B2020A4AD00A602E6 /* AnimatedText.swift */; };
		E1FFF2412020D19800A602E6 /* D.json in Resources */ = {isa = PBXBuildFile; fileRef = E1FFF23D2020D19800A602E6 /* D.json */; };
		E1FFF2422020D19800A602E6 /* M.json in Resources */ = {isa = PBXBuildFile; fileRef = E1FFF23E2020D19800A602E6 /* M.json */; };
		E1FFF2432020D19800A602E6 /* B.json in Resources */ = {isa = PBXBuildFile; fileRef = E1FFF23F2020D19800A602E6 /* B.json */; };
		E1FFF2442020D19800A602E6 /* N.json in Resources */ = {isa = PBXBuildFile; fileRef = E1FFF2402020D19800A602E6 /* N.json */; };
		E1FFF24B2020E0CF00A602E6 /* Identifiable.swift in Sources */ = {isa = PBXBuildFile; fileRef = E1FFF24A2020E0CF00A602E6 /* Identifiable.swift */; };
		E1FFF24E2020E2C900A602E6 /* Localizable.strings in Resources */ = {isa = PBXBuildFile; fileRef = E1FFF24D2020E2C900A602E6 /* Localizable.strings */; };
		E1FFF2512021125000A602E6 /* HomeCollectionViewController.swift in Sources */ = {isa = PBXBuildFile; fileRef = E1FFF2502021125000A602E6 /* HomeCollectionViewController.swift */; };
		E1FFF254202112A200A602E6 /* MovieCollectionViewCell.swift in Sources */ = {isa = PBXBuildFile; fileRef = E1FFF253202112A200A602E6 /* MovieCollectionViewCell.swift */; };
		E1FFF257202119A800A602E6 /* ApiProvider.swift in Sources */ = {isa = PBXBuildFile; fileRef = E1FFF256202119A800A602E6 /* ApiProvider.swift */; };
		E1FFF25A20211B5200A602E6 /* MovieApiProvider.swift in Sources */ = {isa = PBXBuildFile; fileRef = E1FFF25920211B5200A602E6 /* MovieApiProvider.swift */; };
		E1FFF25C20211B7200A602E6 /* MovieApiProtocol.swift in Sources */ = {isa = PBXBuildFile; fileRef = E1FFF25B20211B7200A602E6 /* MovieApiProtocol.swift */; };
		E1FFF25F20211FE200A602E6 /* MovieBusiness.swift in Sources */ = {isa = PBXBuildFile; fileRef = E1FFF25E20211FE200A602E6 /* MovieBusiness.swift */; };
		E1FFF262202120A300A602E6 /* MovieList.swift in Sources */ = {isa = PBXBuildFile; fileRef = E1FFF261202120A300A602E6 /* MovieList.swift */; };
		E1FFF26A2022252600A602E6 /* Movie.swift in Sources */ = {isa = PBXBuildFile; fileRef = E1FFF2692022252600A602E6 /* Movie.swift */; };
		E1FFF26D2022325300A602E6 /* HomeManager.swift in Sources */ = {isa = PBXBuildFile; fileRef = E1FFF26C2022325300A602E6 /* HomeManager.swift */; };
		E1FFF2702022326700A602E6 /* BaseManager.swift in Sources */ = {isa = PBXBuildFile; fileRef = E1FFF26F2022326700A602E6 /* BaseManager.swift */; };
/* End PBXBuildFile section */

/* Begin PBXContainerItemProxy section */
		E1C437EB201F3B6C00FE1BB3 /* PBXContainerItemProxy */ = {
			isa = PBXContainerItemProxy;
			containerPortal = E1C437CE201F3B6C00FE1BB3 /* Project object */;
			proxyType = 1;
			remoteGlobalIDString = E1C437D5201F3B6C00FE1BB3;
			remoteInfo = NMDb;
		};
		E1C437F6201F3B6C00FE1BB3 /* PBXContainerItemProxy */ = {
			isa = PBXContainerItemProxy;
			containerPortal = E1C437CE201F3B6C00FE1BB3 /* Project object */;
			proxyType = 1;
			remoteGlobalIDString = E1C437D5201F3B6C00FE1BB3;
			remoteInfo = NMDb;
		};
/* End PBXContainerItemProxy section */

/* Begin PBXFileReference section */
		03EB78E517AE56F3FCB3FF38 /* Pods-NMDb.debug.xcconfig */ = {isa = PBXFileReference; includeInIndex = 1; lastKnownFileType = text.xcconfig; name = "Pods-NMDb.debug.xcconfig"; path = "Pods/Target Support Files/Pods-NMDb/Pods-NMDb.debug.xcconfig"; sourceTree = "<group>"; };
		087A98803807D68A36CC70E1 /* Pods-NMDbTests.debug.xcconfig */ = {isa = PBXFileReference; includeInIndex = 1; lastKnownFileType = text.xcconfig; name = "Pods-NMDbTests.debug.xcconfig"; path = "Pods/Target Support Files/Pods-NMDbTests/Pods-NMDbTests.debug.xcconfig"; sourceTree = "<group>"; };
		59C213B138ABA5EBE4D564AD /* Pods-NMDbTests.release.xcconfig */ = {isa = PBXFileReference; includeInIndex = 1; lastKnownFileType = text.xcconfig; name = "Pods-NMDbTests.release.xcconfig"; path = "Pods/Target Support Files/Pods-NMDbTests/Pods-NMDbTests.release.xcconfig"; sourceTree = "<group>"; };
		59CD1737709BBE2F931943F8 /* Pods_NMDbTests.framework */ = {isa = PBXFileReference; explicitFileType = wrapper.framework; includeInIndex = 0; path = Pods_NMDbTests.framework; sourceTree = BUILT_PRODUCTS_DIR; };
		6BA20440B42E0F9C405881E8 /* Pods-NMDbUITests.debug.xcconfig */ = {isa = PBXFileReference; includeInIndex = 1; lastKnownFileType = text.xcconfig; name = "Pods-NMDbUITests.debug.xcconfig"; path = "Pods/Target Support Files/Pods-NMDbUITests/Pods-NMDbUITests.debug.xcconfig"; sourceTree = "<group>"; };
		C3DD27B0CF45301CD46B2317 /* Pods_NMDbUITests.framework */ = {isa = PBXFileReference; explicitFileType = wrapper.framework; includeInIndex = 0; path = Pods_NMDbUITests.framework; sourceTree = BUILT_PRODUCTS_DIR; };
		C4500E6723B3B91281488395 /* Pods_NMDb.framework */ = {isa = PBXFileReference; explicitFileType = wrapper.framework; includeInIndex = 0; path = Pods_NMDb.framework; sourceTree = BUILT_PRODUCTS_DIR; };
		C680BCC1B7BD383BB4FFD9F2 /* Pods-NMDb.release.xcconfig */ = {isa = PBXFileReference; includeInIndex = 1; lastKnownFileType = text.xcconfig; name = "Pods-NMDb.release.xcconfig"; path = "Pods/Target Support Files/Pods-NMDb/Pods-NMDb.release.xcconfig"; sourceTree = "<group>"; };
		C9297E73FB89635ADB56009A /* Pods-NMDbUITests.release.xcconfig */ = {isa = PBXFileReference; includeInIndex = 1; lastKnownFileType = text.xcconfig; name = "Pods-NMDbUITests.release.xcconfig"; path = "Pods/Target Support Files/Pods-NMDbUITests/Pods-NMDbUITests.release.xcconfig"; sourceTree = "<group>"; };
		E16C0C9120226FF0002FF97B /* ViewExtension.swift */ = {isa = PBXFileReference; fileEncoding = 4; lastKnownFileType = sourcecode.swift; path = ViewExtension.swift; sourceTree = "<group>"; };
		E16C0C9320226FF8002FF97B /* CollectionViewExtension.swift */ = {isa = PBXFileReference; fileEncoding = 4; lastKnownFileType = sourcecode.swift; path = CollectionViewExtension.swift; sourceTree = "<group>"; };
		E197B1E620233E300069B81C /* Kingfisher.framework */ = {isa = PBXFileReference; lastKnownFileType = wrapper.framework; name = Kingfisher.framework; path = Carthage/Build/iOS/Kingfisher.framework; sourceTree = "<group>"; };
		E197B1E8202376CC0069B81C /* GradientView.swift */ = {isa = PBXFileReference; fileEncoding = 4; lastKnownFileType = sourcecode.swift; path = GradientView.swift; sourceTree = "<group>"; };
		E1C437D6201F3B6C00FE1BB3 /* NMDb.app */ = {isa = PBXFileReference; explicitFileType = wrapper.application; includeInIndex = 0; path = NMDb.app; sourceTree = BUILT_PRODUCTS_DIR; };
		E1C437D9201F3B6C00FE1BB3 /* AppDelegate.swift */ = {isa = PBXFileReference; lastKnownFileType = sourcecode.swift; path = AppDelegate.swift; sourceTree = "<group>"; };
		E1C437DB201F3B6C00FE1BB3 /* LauchViewController.swift */ = {isa = PBXFileReference; lastKnownFileType = sourcecode.swift; path = LauchViewController.swift; sourceTree = "<group>"; };
		E1C437DE201F3B6C00FE1BB3 /* Base */ = {isa = PBXFileReference; lastKnownFileType = file.storyboard; name = Base; path = Base.lproj/Main.storyboard; sourceTree = "<group>"; };
		E1C437E0201F3B6C00FE1BB3 /* Assets.xcassets */ = {isa = PBXFileReference; lastKnownFileType = folder.assetcatalog; path = Assets.xcassets; sourceTree = "<group>"; };
		E1C437E3201F3B6C00FE1BB3 /* Base */ = {isa = PBXFileReference; lastKnownFileType = file.storyboard; name = Base; path = Base.lproj/LaunchScreen.storyboard; sourceTree = "<group>"; };
		E1C437E5201F3B6C00FE1BB3 /* Info.plist */ = {isa = PBXFileReference; lastKnownFileType = text.plist.xml; path = Info.plist; sourceTree = "<group>"; };
		E1C437EA201F3B6C00FE1BB3 /* NMDbTests.xctest */ = {isa = PBXFileReference; explicitFileType = wrapper.cfbundle; includeInIndex = 0; path = NMDbTests.xctest; sourceTree = BUILT_PRODUCTS_DIR; };
		E1C437EE201F3B6C00FE1BB3 /* NMDbTests.swift */ = {isa = PBXFileReference; lastKnownFileType = sourcecode.swift; path = NMDbTests.swift; sourceTree = "<group>"; };
		E1C437F0201F3B6C00FE1BB3 /* Info.plist */ = {isa = PBXFileReference; lastKnownFileType = text.plist.xml; path = Info.plist; sourceTree = "<group>"; };
		E1C437F5201F3B6C00FE1BB3 /* NMDbUITests.xctest */ = {isa = PBXFileReference; explicitFileType = wrapper.cfbundle; includeInIndex = 0; path = NMDbUITests.xctest; sourceTree = BUILT_PRODUCTS_DIR; };
		E1C437F9201F3B6C00FE1BB3 /* NMDbUITests.swift */ = {isa = PBXFileReference; lastKnownFileType = sourcecode.swift; path = NMDbUITests.swift; sourceTree = "<group>"; };
		E1C437FB201F3B6C00FE1BB3 /* Info.plist */ = {isa = PBXFileReference; lastKnownFileType = text.plist.xml; path = Info.plist; sourceTree = "<group>"; };
		E1C4381A201F8E0300FE1BB3 /* NetworkProvider.swift */ = {isa = PBXFileReference; lastKnownFileType = sourcecode.swift; path = NetworkProvider.swift; sourceTree = "<group>"; };
		E1C4381D201F8F8800FE1BB3 /* HandleError.swift */ = {isa = PBXFileReference; fileEncoding = 4; lastKnownFileType = sourcecode.swift; path = HandleError.swift; sourceTree = "<group>"; };
		E1C4381F201F8F8800FE1BB3 /* BusinessError.swift */ = {isa = PBXFileReference; fileEncoding = 4; lastKnownFileType = sourcecode.swift; path = BusinessError.swift; sourceTree = "<group>"; };
		E1C43820201F8F8800FE1BB3 /* TechnicalError.swift */ = {isa = PBXFileReference; fileEncoding = 4; lastKnownFileType = sourcecode.swift; path = TechnicalError.swift; sourceTree = "<group>"; };
		E1F1E34520237B270024DBB8 /* DetailsViewController.swift */ = {isa = PBXFileReference; lastKnownFileType = sourcecode.swift; path = DetailsViewController.swift; sourceTree = "<group>"; };
		E1F1E34720238A6E0024DBB8 /* MovieRequest.swift */ = {isa = PBXFileReference; lastKnownFileType = sourcecode.swift; path = MovieRequest.swift; sourceTree = "<group>"; };
		E1F1E34A20238EA30024DBB8 /* DetailsManager.swift */ = {isa = PBXFileReference; lastKnownFileType = sourcecode.swift; path = DetailsManager.swift; sourceTree = "<group>"; };
		E1F1E34C202392690024DBB8 /* ViewCustomizable.swift */ = {isa = PBXFileReference; fileEncoding = 4; lastKnownFileType = sourcecode.swift; path = ViewCustomizable.swift; sourceTree = "<group>"; };
		E1F1E34F202393CC0024DBB8 /* DetailsView.swift */ = {isa = PBXFileReference; lastKnownFileType = sourcecode.swift; path = DetailsView.swift; sourceTree = "<group>"; };
		E1F1E3512023B6010024DBB8 /* Genre.swift */ = {isa = PBXFileReference; lastKnownFileType = sourcecode.swift; path = Genre.swift; sourceTree = "<group>"; };
		E1F1E3542023C88B0024DBB8 /* MovieListRequest.swift */ = {isa = PBXFileReference; lastKnownFileType = sourcecode.swift; path = MovieListRequest.swift; sourceTree = "<group>"; };
		E1F1E3562023DCB70024DBB8 /* MovieType.swift */ = {isa = PBXFileReference; lastKnownFileType = sourcecode.swift; path = MovieType.swift; sourceTree = "<group>"; };
		E1FFF2292020859D00A602E6 /* LocalizableStrings.swift */ = {isa = PBXFileReference; fileEncoding = 4; lastKnownFileType = sourcecode.swift; path = LocalizableStrings.swift; sourceTree = "<group>"; };
		E1FFF22D2020860E00A602E6 /* LocalizableStringExtension.swift */ = {isa = PBXFileReference; fileEncoding = 4; lastKnownFileType = sourcecode.swift; path = LocalizableStringExtension.swift; sourceTree = "<group>"; };
		E1FFF23020208DF700A602E6 /* Chameleon.framework */ = {isa = PBXFileReference; lastKnownFileType = wrapper.framework; name = Chameleon.framework; path = Carthage/Build/iOS/Chameleon.framework; sourceTree = "<group>"; };
		E1FFF2342020920400A602E6 /* Reachability.framework */ = {isa = PBXFileReference; lastKnownFileType = wrapper.framework; name = Reachability.framework; path = Carthage/Build/iOS/Reachability.framework; sourceTree = "<group>"; };
		E1FFF2382020921400A602E6 /* SwiftMessages.framework */ = {isa = PBXFileReference; lastKnownFileType = wrapper.framework; name = SwiftMessages.framework; path = Carthage/Build/iOS/SwiftMessages.framework; sourceTree = "<group>"; };
		E1FFF23B2020A4AD00A602E6 /* AnimatedText.swift */ = {isa = PBXFileReference; lastKnownFileType = sourcecode.swift; path = AnimatedText.swift; sourceTree = "<group>"; };
		E1FFF23D2020D19800A602E6 /* D.json */ = {isa = PBXFileReference; fileEncoding = 4; lastKnownFileType = text.json; path = D.json; sourceTree = "<group>"; };
		E1FFF23E2020D19800A602E6 /* M.json */ = {isa = PBXFileReference; fileEncoding = 4; lastKnownFileType = text.json; path = M.json; sourceTree = "<group>"; };
		E1FFF23F2020D19800A602E6 /* B.json */ = {isa = PBXFileReference; fileEncoding = 4; lastKnownFileType = text.json; path = B.json; sourceTree = "<group>"; };
		E1FFF2402020D19800A602E6 /* N.json */ = {isa = PBXFileReference; fileEncoding = 4; lastKnownFileType = text.json; path = N.json; sourceTree = "<group>"; };
		E1FFF24A2020E0CF00A602E6 /* Identifiable.swift */ = {isa = PBXFileReference; fileEncoding = 4; lastKnownFileType = sourcecode.swift; path = Identifiable.swift; sourceTree = "<group>"; };
		E1FFF24D2020E2C900A602E6 /* Localizable.strings */ = {isa = PBXFileReference; lastKnownFileType = text.plist.strings; path = Localizable.strings; sourceTree = "<group>"; };
		E1FFF2502021125000A602E6 /* HomeCollectionViewController.swift */ = {isa = PBXFileReference; lastKnownFileType = sourcecode.swift; path = HomeCollectionViewController.swift; sourceTree = "<group>"; };
		E1FFF253202112A200A602E6 /* MovieCollectionViewCell.swift */ = {isa = PBXFileReference; lastKnownFileType = sourcecode.swift; path = MovieCollectionViewCell.swift; sourceTree = "<group>"; };
		E1FFF256202119A800A602E6 /* ApiProvider.swift */ = {isa = PBXFileReference; lastKnownFileType = sourcecode.swift; path = ApiProvider.swift; sourceTree = "<group>"; };
		E1FFF25920211B5200A602E6 /* MovieApiProvider.swift */ = {isa = PBXFileReference; lastKnownFileType = sourcecode.swift; path = MovieApiProvider.swift; sourceTree = "<group>"; };
		E1FFF25B20211B7200A602E6 /* MovieApiProtocol.swift */ = {isa = PBXFileReference; lastKnownFileType = sourcecode.swift; path = MovieApiProtocol.swift; sourceTree = "<group>"; };
		E1FFF25E20211FE200A602E6 /* MovieBusiness.swift */ = {isa = PBXFileReference; lastKnownFileType = sourcecode.swift; path = MovieBusiness.swift; sourceTree = "<group>"; };
		E1FFF261202120A300A602E6 /* MovieList.swift */ = {isa = PBXFileReference; lastKnownFileType = sourcecode.swift; path = MovieList.swift; sourceTree = "<group>"; };
		E1FFF2692022252600A602E6 /* Movie.swift */ = {isa = PBXFileReference; lastKnownFileType = sourcecode.swift; path = Movie.swift; sourceTree = "<group>"; };
		E1FFF26C2022325300A602E6 /* HomeManager.swift */ = {isa = PBXFileReference; lastKnownFileType = sourcecode.swift; path = HomeManager.swift; sourceTree = "<group>"; };
		E1FFF26F2022326700A602E6 /* BaseManager.swift */ = {isa = PBXFileReference; lastKnownFileType = sourcecode.swift; path = BaseManager.swift; sourceTree = "<group>"; };
/* End PBXFileReference section */

/* Begin PBXFrameworksBuildPhase section */
		E1C437D3201F3B6C00FE1BB3 /* Frameworks */ = {
			isa = PBXFrameworksBuildPhase;
			buildActionMask = 2147483647;
			files = (
				E197B1E720233E300069B81C /* Kingfisher.framework in Frameworks */,
				E1FFF2392020921400A602E6 /* SwiftMessages.framework in Frameworks */,
				989012F0ED02F73A12579AF1 /* Pods_NMDb.framework in Frameworks */,
				E1FFF2362020920400A602E6 /* Reachability.framework in Frameworks */,
				E1FFF23120208DF700A602E6 /* Chameleon.framework in Frameworks */,
			);
			runOnlyForDeploymentPostprocessing = 0;
		};
		E1C437E7201F3B6C00FE1BB3 /* Frameworks */ = {
			isa = PBXFrameworksBuildPhase;
			buildActionMask = 2147483647;
			files = (
				8525F57A2A31C17EDBD3A4A4 /* Pods_NMDbTests.framework in Frameworks */,
			);
			runOnlyForDeploymentPostprocessing = 0;
		};
		E1C437F2201F3B6C00FE1BB3 /* Frameworks */ = {
			isa = PBXFrameworksBuildPhase;
			buildActionMask = 2147483647;
			files = (
				07FC0FD28188C806AA113D99 /* Pods_NMDbUITests.framework in Frameworks */,
			);
			runOnlyForDeploymentPostprocessing = 0;
		};
/* End PBXFrameworksBuildPhase section */

/* Begin PBXGroup section */
		20F0FAC7A44A54D4B9B986FD /* Pods */ = {
			isa = PBXGroup;
			children = (
				03EB78E517AE56F3FCB3FF38 /* Pods-NMDb.debug.xcconfig */,
				C680BCC1B7BD383BB4FFD9F2 /* Pods-NMDb.release.xcconfig */,
				087A98803807D68A36CC70E1 /* Pods-NMDbTests.debug.xcconfig */,
				59C213B138ABA5EBE4D564AD /* Pods-NMDbTests.release.xcconfig */,
				6BA20440B42E0F9C405881E8 /* Pods-NMDbUITests.debug.xcconfig */,
				C9297E73FB89635ADB56009A /* Pods-NMDbUITests.release.xcconfig */,
			);
			name = Pods;
			sourceTree = "<group>";
		};
		6F51124186C9A26D048154F0 /* Frameworks */ = {
			isa = PBXGroup;
			children = (
				E197B1E620233E300069B81C /* Kingfisher.framework */,
				E1FFF2382020921400A602E6 /* SwiftMessages.framework */,
				E1FFF23020208DF700A602E6 /* Chameleon.framework */,
				E1FFF2342020920400A602E6 /* Reachability.framework */,
				C4500E6723B3B91281488395 /* Pods_NMDb.framework */,
				59CD1737709BBE2F931943F8 /* Pods_NMDbTests.framework */,
				C3DD27B0CF45301CD46B2317 /* Pods_NMDbUITests.framework */,
			);
			name = Frameworks;
			sourceTree = "<group>";
		};
		E1C437CD201F3B6C00FE1BB3 = {
			isa = PBXGroup;
			children = (
				E1C437D8201F3B6C00FE1BB3 /* NMDb */,
				E1C437ED201F3B6C00FE1BB3 /* NMDbTests */,
				E1C437F8201F3B6C00FE1BB3 /* NMDbUITests */,
				E1C437D7201F3B6C00FE1BB3 /* Products */,
				20F0FAC7A44A54D4B9B986FD /* Pods */,
				6F51124186C9A26D048154F0 /* Frameworks */,
			);
			sourceTree = "<group>";
		};
		E1C437D7201F3B6C00FE1BB3 /* Products */ = {
			isa = PBXGroup;
			children = (
				E1C437D6201F3B6C00FE1BB3 /* NMDb.app */,
				E1C437EA201F3B6C00FE1BB3 /* NMDbTests.xctest */,
				E1C437F5201F3B6C00FE1BB3 /* NMDbUITests.xctest */,
			);
			name = Products;
			sourceTree = "<group>";
		};
		E1C437D8201F3B6C00FE1BB3 /* NMDb */ = {
			isa = PBXGroup;
			children = (
				E1C43808201F3B8200FE1BB3 /* Resources */,
				E1C43807201F3B7D00FE1BB3 /* Source */,
				E1C4380C201F3BDF00FE1BB3 /* Supporting Files */,
			);
			path = NMDb;
			sourceTree = "<group>";
		};
		E1C437ED201F3B6C00FE1BB3 /* NMDbTests */ = {
			isa = PBXGroup;
			children = (
				E1C437EE201F3B6C00FE1BB3 /* NMDbTests.swift */,
				E1C437F0201F3B6C00FE1BB3 /* Info.plist */,
			);
			path = NMDbTests;
			sourceTree = "<group>";
		};
		E1C437F8201F3B6C00FE1BB3 /* NMDbUITests */ = {
			isa = PBXGroup;
			children = (
				E1C437F9201F3B6C00FE1BB3 /* NMDbUITests.swift */,
				E1C437FB201F3B6C00FE1BB3 /* Info.plist */,
			);
			path = NMDbUITests;
			sourceTree = "<group>";
		};
		E1C43807201F3B7D00FE1BB3 /* Source */ = {
			isa = PBXGroup;
			children = (
				E1C43818201F877A00FE1BB3 /* Model */,
				E1C43813201F875500FE1BB3 /* View */,
				E1C43814201F875A00FE1BB3 /* Controller */,
				E1C43815201F876200FE1BB3 /* Manager */,
				E1C43816201F876800FE1BB3 /* Business */,
				E1C43817201F877200FE1BB3 /* Provider */,
				E1FFF22B202085D900A602E6 /* Common */,
				E1C4380D201F3BF900FE1BB3 /* Infrastructure */,
			);
			path = Source;
			sourceTree = "<group>";
		};
		E1C43808201F3B8200FE1BB3 /* Resources */ = {
			isa = PBXGroup;
			children = (
				E1FFF2452020D19C00A602E6 /* Animations */,
				E1C43809201F3B9200FE1BB3 /* Assets */,
				E1C4380A201F3BA700FE1BB3 /* Storyboards */,
				E1FFF24C2020E2AA00A602E6 /* Strings */,
			);
			path = Resources;
			sourceTree = "<group>";
		};
		E1C43809201F3B9200FE1BB3 /* Assets */ = {
			isa = PBXGroup;
			children = (
				E1C437E0201F3B6C00FE1BB3 /* Assets.xcassets */,
			);
			path = Assets;
			sourceTree = "<group>";
		};
		E1C4380A201F3BA700FE1BB3 /* Storyboards */ = {
			isa = PBXGroup;
			children = (
				E1C437DD201F3B6C00FE1BB3 /* Main.storyboard */,
				E1C437E2201F3B6C00FE1BB3 /* LaunchScreen.storyboard */,
			);
			path = Storyboards;
			sourceTree = "<group>";
		};
		E1C4380C201F3BDF00FE1BB3 /* Supporting Files */ = {
			isa = PBXGroup;
			children = (
				E1C437E5201F3B6C00FE1BB3 /* Info.plist */,
			);
			path = "Supporting Files";
			sourceTree = "<group>";
		};
		E1C4380D201F3BF900FE1BB3 /* Infrastructure */ = {
			isa = PBXGroup;
			children = (
				E1C4381C201F8F5800FE1BB3 /* Error */,
				E1FFF2282020856100A602E6 /* Localizable */,
				E1C437D9201F3B6C00FE1BB3 /* AppDelegate.swift */,
			);
			path = Infrastructure;
			sourceTree = "<group>";
		};
		E1C43813201F875500FE1BB3 /* View */ = {
			isa = PBXGroup;
			children = (
				E1FFF23A2020A49A00A602E6 /* Components */,
				E1FFF2522021128100A602E6 /* Home */,
				E1F1E34E202393B60024DBB8 /* Details */,
			);
			path = View;
			sourceTree = "<group>";
		};
		E1C43814201F875A00FE1BB3 /* Controller */ = {
			isa = PBXGroup;
			children = (
				E1FFF2472020DD6F00A602E6 /* Lauch */,
				E1FFF2462020DD6600A602E6 /* Home */,
				E1FFF24F2020EDEA00A602E6 /* Details */,
			);
			path = Controller;
			sourceTree = "<group>";
		};
		E1C43815201F876200FE1BB3 /* Manager */ = {
			isa = PBXGroup;
			children = (
				E1FFF26E2022325900A602E6 /* Base */,
				E1FFF26B2022323F00A602E6 /* Home */,
				E1F1E34920238E510024DBB8 /* Details */,
			);
			path = Manager;
			sourceTree = "<group>";
		};
		E1C43816201F876800FE1BB3 /* Business */ = {
			isa = PBXGroup;
			children = (
				E1FFF25D20211FCC00A602E6 /* Movie */,
			);
			path = Business;
			sourceTree = "<group>";
		};
		E1C43817201F877200FE1BB3 /* Provider */ = {
			isa = PBXGroup;
			children = (
				E1FFF2552021175D00A602E6 /* API */,
				E1C43819201F8DE600FE1BB3 /* Network */,
			);
			path = Provider;
			sourceTree = "<group>";
		};
		E1C43818201F877A00FE1BB3 /* Model */ = {
			isa = PBXGroup;
			children = (
				E1FFF2652021E37900A602E6 /* Request */,
				E1FFF2682022250E00A602E6 /* Movie */,
			);
			path = Model;
			sourceTree = "<group>";
		};
		E1C43819201F8DE600FE1BB3 /* Network */ = {
			isa = PBXGroup;
			children = (
				E1C4381A201F8E0300FE1BB3 /* NetworkProvider.swift */,
			);
			path = Network;
			sourceTree = "<group>";
		};
		E1C4381C201F8F5800FE1BB3 /* Error */ = {
			isa = PBXGroup;
			children = (
				E1C4381E201F8F8800FE1BB3 /* ErrorTypes */,
				E1C4381D201F8F8800FE1BB3 /* HandleError.swift */,
			);
			path = Error;
			sourceTree = "<group>";
		};
		E1C4381E201F8F8800FE1BB3 /* ErrorTypes */ = {
			isa = PBXGroup;
			children = (
				E1C4381F201F8F8800FE1BB3 /* BusinessError.swift */,
				E1C43820201F8F8800FE1BB3 /* TechnicalError.swift */,
			);
			path = ErrorTypes;
			sourceTree = "<group>";
		};
		E1F1E34920238E510024DBB8 /* Details */ = {
			isa = PBXGroup;
			children = (
				E1F1E34A20238EA30024DBB8 /* DetailsManager.swift */,
			);
			path = Details;
			sourceTree = "<group>";
		};
		E1F1E34E202393B60024DBB8 /* Details */ = {
			isa = PBXGroup;
			children = (
				E1F1E34F202393CC0024DBB8 /* DetailsView.swift */,
			);
			path = Details;
			sourceTree = "<group>";
		};
		E1FFF2282020856100A602E6 /* Localizable */ = {
			isa = PBXGroup;
			children = (
				E1FFF2292020859D00A602E6 /* LocalizableStrings.swift */,
			);
			path = Localizable;
			sourceTree = "<group>";
		};
		E1FFF22B202085D900A602E6 /* Common */ = {
			isa = PBXGroup;
			children = (
				E1FFF22C202085E100A602E6 /* Extensions and Protocols */,
			);
			path = Common;
			sourceTree = "<group>";
		};
		E1FFF22C202085E100A602E6 /* Extensions and Protocols */ = {
			isa = PBXGroup;
			children = (
				E1F1E34C202392690024DBB8 /* ViewCustomizable.swift */,
				E16C0C9320226FF8002FF97B /* CollectionViewExtension.swift */,
				E16C0C9120226FF0002FF97B /* ViewExtension.swift */,
				E1FFF24A2020E0CF00A602E6 /* Identifiable.swift */,
				E1FFF22D2020860E00A602E6 /* LocalizableStringExtension.swift */,
			);
			path = "Extensions and Protocols";
			sourceTree = "<group>";
		};
		E1FFF23A2020A49A00A602E6 /* Components */ = {
			isa = PBXGroup;
			children = (
				E197B1E8202376CC0069B81C /* GradientView.swift */,
				E1FFF23B2020A4AD00A602E6 /* AnimatedText.swift */,
			);
			path = Components;
			sourceTree = "<group>";
		};
		E1FFF2452020D19C00A602E6 /* Animations */ = {
			isa = PBXGroup;
			children = (
				E1FFF2402020D19800A602E6 /* N.json */,
				E1FFF23E2020D19800A602E6 /* M.json */,
				E1FFF23D2020D19800A602E6 /* D.json */,
				E1FFF23F2020D19800A602E6 /* B.json */,
			);
			path = Animations;
			sourceTree = "<group>";
		};
		E1FFF2462020DD6600A602E6 /* Home */ = {
			isa = PBXGroup;
			children = (
				E1FFF2502021125000A602E6 /* HomeCollectionViewController.swift */,
			);
			path = Home;
			sourceTree = "<group>";
		};
		E1FFF2472020DD6F00A602E6 /* Lauch */ = {
			isa = PBXGroup;
			children = (
				E1C437DB201F3B6C00FE1BB3 /* LauchViewController.swift */,
			);
			path = Lauch;
			sourceTree = "<group>";
		};
		E1FFF24C2020E2AA00A602E6 /* Strings */ = {
			isa = PBXGroup;
			children = (
				E1FFF24D2020E2C900A602E6 /* Localizable.strings */,
			);
			path = Strings;
			sourceTree = "<group>";
		};
		E1FFF24F2020EDEA00A602E6 /* Details */ = {
			isa = PBXGroup;
			children = (
				E1F1E34520237B270024DBB8 /* DetailsViewController.swift */,
			);
			path = Details;
			sourceTree = "<group>";
		};
		E1FFF2522021128100A602E6 /* Home */ = {
			isa = PBXGroup;
			children = (
				E1FFF253202112A200A602E6 /* MovieCollectionViewCell.swift */,
			);
			path = Home;
			sourceTree = "<group>";
		};
		E1FFF2552021175D00A602E6 /* API */ = {
			isa = PBXGroup;
			children = (
				E1FFF256202119A800A602E6 /* ApiProvider.swift */,
				E1FFF25820211B2F00A602E6 /* Movie */,
			);
			path = API;
			sourceTree = "<group>";
		};
		E1FFF25820211B2F00A602E6 /* Movie */ = {
			isa = PBXGroup;
			children = (
				E1FFF25B20211B7200A602E6 /* MovieApiProtocol.swift */,
				E1FFF25920211B5200A602E6 /* MovieApiProvider.swift */,
			);
			path = Movie;
			sourceTree = "<group>";
		};
		E1FFF25D20211FCC00A602E6 /* Movie */ = {
			isa = PBXGroup;
			children = (
				E1FFF25E20211FE200A602E6 /* MovieBusiness.swift */,
			);
			path = Movie;
			sourceTree = "<group>";
		};
		E1FFF2652021E37900A602E6 /* Request */ = {
			isa = PBXGroup;
			children = (
				E1F1E34720238A6E0024DBB8 /* MovieRequest.swift */,
				E1F1E3542023C88B0024DBB8 /* MovieListRequest.swift */,
			);
			path = Request;
			sourceTree = "<group>";
		};
		E1FFF2682022250E00A602E6 /* Movie */ = {
			isa = PBXGroup;
			children = (
				E1F1E3562023DCB70024DBB8 /* MovieType.swift */,
				E1FFF261202120A300A602E6 /* MovieList.swift */,
				E1FFF2692022252600A602E6 /* Movie.swift */,
				E1F1E3512023B6010024DBB8 /* Genre.swift */,
			);
			path = Movie;
			sourceTree = "<group>";
		};
		E1FFF26B2022323F00A602E6 /* Home */ = {
			isa = PBXGroup;
			children = (
				E1FFF26C2022325300A602E6 /* HomeManager.swift */,
			);
			path = Home;
			sourceTree = "<group>";
		};
		E1FFF26E2022325900A602E6 /* Base */ = {
			isa = PBXGroup;
			children = (
				E1FFF26F2022326700A602E6 /* BaseManager.swift */,
			);
			path = Base;
			sourceTree = "<group>";
		};
/* End PBXGroup section */

/* Begin PBXNativeTarget section */
		E1C437D5201F3B6C00FE1BB3 /* NMDb */ = {
			isa = PBXNativeTarget;
			buildConfigurationList = E1C437FE201F3B6C00FE1BB3 /* Build configuration list for PBXNativeTarget "NMDb" */;
			buildPhases = (
				4DC056A51E8B148381A9B9F6 /* [CP] Check Pods Manifest.lock */,
				E1C437D2201F3B6C00FE1BB3 /* Sources */,
				E1C437D3201F3B6C00FE1BB3 /* Frameworks */,
				E1C437D4201F3B6C00FE1BB3 /* Resources */,
				8EF0172486AE366539BBB53D /* [CP] Embed Pods Frameworks */,
				616D09FEACA5AC42F2F5BCA0 /* [CP] Copy Pods Resources */,
				E1FFF23220208FE100A602E6 /* Carthage */,
				E1FFF2332020903A00A602E6 /* Carthage Check */,
				E1FFF22F2020871000A602E6 /* SwiftLint */,
			);
			buildRules = (
			);
			dependencies = (
			);
			name = NMDb;
			productName = NMDb;
			productReference = E1C437D6201F3B6C00FE1BB3 /* NMDb.app */;
			productType = "com.apple.product-type.application";
		};
		E1C437E9201F3B6C00FE1BB3 /* NMDbTests */ = {
			isa = PBXNativeTarget;
			buildConfigurationList = E1C43801201F3B6C00FE1BB3 /* Build configuration list for PBXNativeTarget "NMDbTests" */;
			buildPhases = (
				C383E714694A79C2AB58830A /* [CP] Check Pods Manifest.lock */,
				E1C437E6201F3B6C00FE1BB3 /* Sources */,
				E1C437E7201F3B6C00FE1BB3 /* Frameworks */,
				E1C437E8201F3B6C00FE1BB3 /* Resources */,
				17BF84022EDB54B451278103 /* [CP] Embed Pods Frameworks */,
				FBF4683AA64FE16D6FD289F0 /* [CP] Copy Pods Resources */,
			);
			buildRules = (
			);
			dependencies = (
				E1C437EC201F3B6C00FE1BB3 /* PBXTargetDependency */,
			);
			name = NMDbTests;
			productName = NMDbTests;
			productReference = E1C437EA201F3B6C00FE1BB3 /* NMDbTests.xctest */;
			productType = "com.apple.product-type.bundle.unit-test";
		};
		E1C437F4201F3B6C00FE1BB3 /* NMDbUITests */ = {
			isa = PBXNativeTarget;
			buildConfigurationList = E1C43804201F3B6C00FE1BB3 /* Build configuration list for PBXNativeTarget "NMDbUITests" */;
			buildPhases = (
				BD8E14DF939167DF575F60AA /* [CP] Check Pods Manifest.lock */,
				E1C437F1201F3B6C00FE1BB3 /* Sources */,
				E1C437F2201F3B6C00FE1BB3 /* Frameworks */,
				E1C437F3201F3B6C00FE1BB3 /* Resources */,
				001B64EEC486D80386A2E821 /* [CP] Embed Pods Frameworks */,
				6A3DE102BE3C86E9EEB65B5C /* [CP] Copy Pods Resources */,
			);
			buildRules = (
			);
			dependencies = (
				E1C437F7201F3B6C00FE1BB3 /* PBXTargetDependency */,
			);
			name = NMDbUITests;
			productName = NMDbUITests;
			productReference = E1C437F5201F3B6C00FE1BB3 /* NMDbUITests.xctest */;
			productType = "com.apple.product-type.bundle.ui-testing";
		};
/* End PBXNativeTarget section */

/* Begin PBXProject section */
		E1C437CE201F3B6C00FE1BB3 /* Project object */ = {
			isa = PBXProject;
			attributes = {
				LastSwiftUpdateCheck = 0920;
				LastUpgradeCheck = 0920;
				ORGANIZATIONNAME = nucci;
				TargetAttributes = {
					E1C437D5201F3B6C00FE1BB3 = {
						CreatedOnToolsVersion = 9.2;
						ProvisioningStyle = Automatic;
					};
					E1C437E9201F3B6C00FE1BB3 = {
						CreatedOnToolsVersion = 9.2;
						ProvisioningStyle = Automatic;
						TestTargetID = E1C437D5201F3B6C00FE1BB3;
					};
					E1C437F4201F3B6C00FE1BB3 = {
						CreatedOnToolsVersion = 9.2;
						ProvisioningStyle = Automatic;
						TestTargetID = E1C437D5201F3B6C00FE1BB3;
					};
				};
			};
			buildConfigurationList = E1C437D1201F3B6C00FE1BB3 /* Build configuration list for PBXProject "NMDb" */;
			compatibilityVersion = "Xcode 8.0";
			developmentRegion = en;
			hasScannedForEncodings = 0;
			knownRegions = (
				en,
				Base,
			);
			mainGroup = E1C437CD201F3B6C00FE1BB3;
			productRefGroup = E1C437D7201F3B6C00FE1BB3 /* Products */;
			projectDirPath = "";
			projectRoot = "";
			targets = (
				E1C437D5201F3B6C00FE1BB3 /* NMDb */,
				E1C437E9201F3B6C00FE1BB3 /* NMDbTests */,
				E1C437F4201F3B6C00FE1BB3 /* NMDbUITests */,
			);
		};
/* End PBXProject section */

/* Begin PBXResourcesBuildPhase section */
		E1C437D4201F3B6C00FE1BB3 /* Resources */ = {
			isa = PBXResourcesBuildPhase;
			buildActionMask = 2147483647;
			files = (
				E1FFF2432020D19800A602E6 /* B.json in Resources */,
				E1FFF2422020D19800A602E6 /* M.json in Resources */,
				E1C437E4201F3B6C00FE1BB3 /* LaunchScreen.storyboard in Resources */,
				E1C437E1201F3B6C00FE1BB3 /* Assets.xcassets in Resources */,
				E1FFF2442020D19800A602E6 /* N.json in Resources */,
				E1FFF24E2020E2C900A602E6 /* Localizable.strings in Resources */,
				E1FFF2412020D19800A602E6 /* D.json in Resources */,
				E1C437DF201F3B6C00FE1BB3 /* Main.storyboard in Resources */,
			);
			runOnlyForDeploymentPostprocessing = 0;
		};
		E1C437E8201F3B6C00FE1BB3 /* Resources */ = {
			isa = PBXResourcesBuildPhase;
			buildActionMask = 2147483647;
			files = (
			);
			runOnlyForDeploymentPostprocessing = 0;
		};
		E1C437F3201F3B6C00FE1BB3 /* Resources */ = {
			isa = PBXResourcesBuildPhase;
			buildActionMask = 2147483647;
			files = (
			);
			runOnlyForDeploymentPostprocessing = 0;
		};
/* End PBXResourcesBuildPhase section */

/* Begin PBXShellScriptBuildPhase section */
		001B64EEC486D80386A2E821 /* [CP] Embed Pods Frameworks */ = {
			isa = PBXShellScriptBuildPhase;
			buildActionMask = 2147483647;
			files = (
			);
			inputPaths = (
			);
			name = "[CP] Embed Pods Frameworks";
			outputPaths = (
			);
			runOnlyForDeploymentPostprocessing = 0;
			shellPath = /bin/sh;
			shellScript = "\"${SRCROOT}/Pods/Target Support Files/Pods-NMDbUITests/Pods-NMDbUITests-frameworks.sh\"\n";
			showEnvVarsInLog = 0;
		};
		17BF84022EDB54B451278103 /* [CP] Embed Pods Frameworks */ = {
			isa = PBXShellScriptBuildPhase;
			buildActionMask = 2147483647;
			files = (
			);
			inputPaths = (
			);
			name = "[CP] Embed Pods Frameworks";
			outputPaths = (
			);
			runOnlyForDeploymentPostprocessing = 0;
			shellPath = /bin/sh;
			shellScript = "\"${SRCROOT}/Pods/Target Support Files/Pods-NMDbTests/Pods-NMDbTests-frameworks.sh\"\n";
			showEnvVarsInLog = 0;
		};
		4DC056A51E8B148381A9B9F6 /* [CP] Check Pods Manifest.lock */ = {
			isa = PBXShellScriptBuildPhase;
			buildActionMask = 2147483647;
			files = (
			);
			inputPaths = (
				"${PODS_PODFILE_DIR_PATH}/Podfile.lock",
				"${PODS_ROOT}/Manifest.lock",
			);
			name = "[CP] Check Pods Manifest.lock";
			outputPaths = (
				"$(DERIVED_FILE_DIR)/Pods-NMDb-checkManifestLockResult.txt",
			);
			runOnlyForDeploymentPostprocessing = 0;
			shellPath = /bin/sh;
			shellScript = "diff \"${PODS_PODFILE_DIR_PATH}/Podfile.lock\" \"${PODS_ROOT}/Manifest.lock\" > /dev/null\nif [ $? != 0 ] ; then\n    # print error to STDERR\n    echo \"error: The sandbox is not in sync with the Podfile.lock. Run 'pod install' or update your CocoaPods installation.\" >&2\n    exit 1\nfi\n# This output is used by Xcode 'outputs' to avoid re-running this script phase.\necho \"SUCCESS\" > \"${SCRIPT_OUTPUT_FILE_0}\"\n";
			showEnvVarsInLog = 0;
		};
		616D09FEACA5AC42F2F5BCA0 /* [CP] Copy Pods Resources */ = {
			isa = PBXShellScriptBuildPhase;
			buildActionMask = 2147483647;
			files = (
			);
			inputPaths = (
			);
			name = "[CP] Copy Pods Resources";
			outputPaths = (
			);
			runOnlyForDeploymentPostprocessing = 0;
			shellPath = /bin/sh;
			shellScript = "\"${SRCROOT}/Pods/Target Support Files/Pods-NMDb/Pods-NMDb-resources.sh\"\n";
			showEnvVarsInLog = 0;
		};
		6A3DE102BE3C86E9EEB65B5C /* [CP] Copy Pods Resources */ = {
			isa = PBXShellScriptBuildPhase;
			buildActionMask = 2147483647;
			files = (
			);
			inputPaths = (
			);
			name = "[CP] Copy Pods Resources";
			outputPaths = (
			);
			runOnlyForDeploymentPostprocessing = 0;
			shellPath = /bin/sh;
			shellScript = "\"${SRCROOT}/Pods/Target Support Files/Pods-NMDbUITests/Pods-NMDbUITests-resources.sh\"\n";
			showEnvVarsInLog = 0;
		};
		8EF0172486AE366539BBB53D /* [CP] Embed Pods Frameworks */ = {
			isa = PBXShellScriptBuildPhase;
			buildActionMask = 2147483647;
			files = (
			);
			inputPaths = (
				"${SRCROOT}/Pods/Target Support Files/Pods-NMDb/Pods-NMDb-frameworks.sh",
				"${BUILT_PRODUCTS_DIR}/ElasticTransition/ElasticTransition.framework",
				"${BUILT_PRODUCTS_DIR}/MotionAnimation/MotionAnimation.framework",
				"${BUILT_PRODUCTS_DIR}/lottie-ios/Lottie.framework",
			);
			name = "[CP] Embed Pods Frameworks";
			outputPaths = (
				"${TARGET_BUILD_DIR}/${FRAMEWORKS_FOLDER_PATH}/ElasticTransition.framework",
				"${TARGET_BUILD_DIR}/${FRAMEWORKS_FOLDER_PATH}/MotionAnimation.framework",
				"${TARGET_BUILD_DIR}/${FRAMEWORKS_FOLDER_PATH}/Lottie.framework",
			);
			runOnlyForDeploymentPostprocessing = 0;
			shellPath = /bin/sh;
			shellScript = "\"${SRCROOT}/Pods/Target Support Files/Pods-NMDb/Pods-NMDb-frameworks.sh\"\n";
			showEnvVarsInLog = 0;
		};
		BD8E14DF939167DF575F60AA /* [CP] Check Pods Manifest.lock */ = {
			isa = PBXShellScriptBuildPhase;
			buildActionMask = 2147483647;
			files = (
			);
			inputPaths = (
				"${PODS_PODFILE_DIR_PATH}/Podfile.lock",
				"${PODS_ROOT}/Manifest.lock",
			);
			name = "[CP] Check Pods Manifest.lock";
			outputPaths = (
				"$(DERIVED_FILE_DIR)/Pods-NMDbUITests-checkManifestLockResult.txt",
			);
			runOnlyForDeploymentPostprocessing = 0;
			shellPath = /bin/sh;
			shellScript = "diff \"${PODS_PODFILE_DIR_PATH}/Podfile.lock\" \"${PODS_ROOT}/Manifest.lock\" > /dev/null\nif [ $? != 0 ] ; then\n    # print error to STDERR\n    echo \"error: The sandbox is not in sync with the Podfile.lock. Run 'pod install' or update your CocoaPods installation.\" >&2\n    exit 1\nfi\n# This output is used by Xcode 'outputs' to avoid re-running this script phase.\necho \"SUCCESS\" > \"${SCRIPT_OUTPUT_FILE_0}\"\n";
			showEnvVarsInLog = 0;
		};
		C383E714694A79C2AB58830A /* [CP] Check Pods Manifest.lock */ = {
			isa = PBXShellScriptBuildPhase;
			buildActionMask = 2147483647;
			files = (
			);
			inputPaths = (
				"${PODS_PODFILE_DIR_PATH}/Podfile.lock",
				"${PODS_ROOT}/Manifest.lock",
			);
			name = "[CP] Check Pods Manifest.lock";
			outputPaths = (
				"$(DERIVED_FILE_DIR)/Pods-NMDbTests-checkManifestLockResult.txt",
			);
			runOnlyForDeploymentPostprocessing = 0;
			shellPath = /bin/sh;
			shellScript = "diff \"${PODS_PODFILE_DIR_PATH}/Podfile.lock\" \"${PODS_ROOT}/Manifest.lock\" > /dev/null\nif [ $? != 0 ] ; then\n    # print error to STDERR\n    echo \"error: The sandbox is not in sync with the Podfile.lock. Run 'pod install' or update your CocoaPods installation.\" >&2\n    exit 1\nfi\n# This output is used by Xcode 'outputs' to avoid re-running this script phase.\necho \"SUCCESS\" > \"${SCRIPT_OUTPUT_FILE_0}\"\n";
			showEnvVarsInLog = 0;
		};
		E1FFF22F2020871000A602E6 /* SwiftLint */ = {
			isa = PBXShellScriptBuildPhase;
			buildActionMask = 2147483647;
			files = (
			);
			inputPaths = (
			);
			name = SwiftLint;
			outputPaths = (
			);
			runOnlyForDeploymentPostprocessing = 0;
			shellPath = /bin/sh;
			shellScript = "\"${PODS_ROOT}/SwiftLint/swiftlint\"";
		};
		E1FFF23220208FE100A602E6 /* Carthage */ = {
			isa = PBXShellScriptBuildPhase;
			buildActionMask = 2147483647;
			files = (
			);
			inputPaths = (
				"$(SRCROOT)/Carthage/Build/iOS/Chameleon.framework",
				"$(SRCROOT)/Carthage/Build/iOS/SwiftMessages.framework",
				"$(SRCROOT)/Carthage/Build/iOS/Reachability.framework",
				"$(SRCROOT)/Carthage/Build/iOS/Kingfisher.framework",
			);
			name = Carthage;
			outputPaths = (
				"$(BUILT_PRODUCTS_DIR)/$(FRAMEWORKS_FOLDER_PATH)/Chameleon.framework",
				"$(BUILT_PRODUCTS_DIR)/$(FRAMEWORKS_FOLDER_PATH)/SwiftMessages.framework",
				"$(BUILT_PRODUCTS_DIR)/$(FRAMEWORKS_FOLDER_PATH)/Reachability.framework",
				"$(BUILT_PRODUCTS_DIR)/$(FRAMEWORKS_FOLDER_PATH)/Kingfisher.framework",
			);
			runOnlyForDeploymentPostprocessing = 0;
			shellPath = /bin/sh;
			shellScript = "/usr/local/bin/carthage copy-frameworks";
		};
		E1FFF2332020903A00A602E6 /* Carthage Check */ = {
			isa = PBXShellScriptBuildPhase;
			buildActionMask = 2147483647;
			files = (
			);
			inputPaths = (
			);
			name = "Carthage Check";
			outputPaths = (
			);
			runOnlyForDeploymentPostprocessing = 0;
			shellPath = /bin/sh;
			shellScript = "/usr/local/bin/carthage outdated --xcode-warnings";
		};
		FBF4683AA64FE16D6FD289F0 /* [CP] Copy Pods Resources */ = {
			isa = PBXShellScriptBuildPhase;
			buildActionMask = 2147483647;
			files = (
			);
			inputPaths = (
			);
			name = "[CP] Copy Pods Resources";
			outputPaths = (
			);
			runOnlyForDeploymentPostprocessing = 0;
			shellPath = /bin/sh;
			shellScript = "\"${SRCROOT}/Pods/Target Support Files/Pods-NMDbTests/Pods-NMDbTests-resources.sh\"\n";
			showEnvVarsInLog = 0;
		};
/* End PBXShellScriptBuildPhase section */

/* Begin PBXSourcesBuildPhase section */
		E1C437D2201F3B6C00FE1BB3 /* Sources */ = {
			isa = PBXSourcesBuildPhase;
			buildActionMask = 2147483647;
			files = (
				E1FFF26A2022252600A602E6 /* Movie.swift in Sources */,
				E1C437DC201F3B6C00FE1BB3 /* LauchViewController.swift in Sources */,
				E1C437DA201F3B6C00FE1BB3 /* AppDelegate.swift in Sources */,
				E1FFF257202119A800A602E6 /* ApiProvider.swift in Sources */,
				E1F1E3552023C88B0024DBB8 /* MovieListRequest.swift in Sources */,
				E1F1E34820238A6E0024DBB8 /* MovieRequest.swift in Sources */,
				E1FFF22E2020860E00A602E6 /* LocalizableStringExtension.swift in Sources */,
				E1FFF254202112A200A602E6 /* MovieCollectionViewCell.swift in Sources */,
				E1FFF2702022326700A602E6 /* BaseManager.swift in Sources */,
				E1FFF2512021125000A602E6 /* HomeCollectionViewController.swift in Sources */,
				E1F1E3522023B6010024DBB8 /* Genre.swift in Sources */,
				E1FFF22A2020859D00A602E6 /* LocalizableStrings.swift in Sources */,
				E1C43823201F8F8800FE1BB3 /* TechnicalError.swift in Sources */,
				E1C43821201F8F8800FE1BB3 /* HandleError.swift in Sources */,
				E1C4381B201F8E0300FE1BB3 /* NetworkProvider.swift in Sources */,
				E197B1E9202376CC0069B81C /* GradientView.swift in Sources */,
				E1F1E3572023DCB70024DBB8 /* MovieType.swift in Sources */,
				E1F1E350202393CC0024DBB8 /* DetailsView.swift in Sources */,
				E1F1E34D202392690024DBB8 /* ViewCustomizable.swift in Sources */,
				E1FFF25C20211B7200A602E6 /* MovieApiProtocol.swift in Sources */,
				E1F1E34B20238EA30024DBB8 /* DetailsManager.swift in Sources */,
				E1FFF262202120A300A602E6 /* MovieList.swift in Sources */,
				E1FFF24B2020E0CF00A602E6 /* Identifiable.swift in Sources */,
				E1FFF25F20211FE200A602E6 /* MovieBusiness.swift in Sources */,
				E1FFF23C2020A4AD00A602E6 /* AnimatedText.swift in Sources */,
				E1FFF26D2022325300A602E6 /* HomeManager.swift in Sources */,
				E1F1E34620237B270024DBB8 /* DetailsViewController.swift in Sources */,
				E16C0C9420226FF8002FF97B /* CollectionViewExtension.swift in Sources */,
				E1FFF25A20211B5200A602E6 /* MovieApiProvider.swift in Sources */,
				E16C0C9220226FF0002FF97B /* ViewExtension.swift in Sources */,
				E1C43822201F8F8800FE1BB3 /* BusinessError.swift in Sources */,
			);
			runOnlyForDeploymentPostprocessing = 0;
		};
		E1C437E6201F3B6C00FE1BB3 /* Sources */ = {
			isa = PBXSourcesBuildPhase;
			buildActionMask = 2147483647;
			files = (
				E1C437EF201F3B6C00FE1BB3 /* NMDbTests.swift in Sources */,
			);
			runOnlyForDeploymentPostprocessing = 0;
		};
		E1C437F1201F3B6C00FE1BB3 /* Sources */ = {
			isa = PBXSourcesBuildPhase;
			buildActionMask = 2147483647;
			files = (
				E1C437FA201F3B6C00FE1BB3 /* NMDbUITests.swift in Sources */,
			);
			runOnlyForDeploymentPostprocessing = 0;
		};
/* End PBXSourcesBuildPhase section */

/* Begin PBXTargetDependency section */
		E1C437EC201F3B6C00FE1BB3 /* PBXTargetDependency */ = {
			isa = PBXTargetDependency;
			target = E1C437D5201F3B6C00FE1BB3 /* NMDb */;
			targetProxy = E1C437EB201F3B6C00FE1BB3 /* PBXContainerItemProxy */;
		};
		E1C437F7201F3B6C00FE1BB3 /* PBXTargetDependency */ = {
			isa = PBXTargetDependency;
			target = E1C437D5201F3B6C00FE1BB3 /* NMDb */;
			targetProxy = E1C437F6201F3B6C00FE1BB3 /* PBXContainerItemProxy */;
		};
/* End PBXTargetDependency section */

/* Begin PBXVariantGroup section */
		E1C437DD201F3B6C00FE1BB3 /* Main.storyboard */ = {
			isa = PBXVariantGroup;
			children = (
				E1C437DE201F3B6C00FE1BB3 /* Base */,
			);
			name = Main.storyboard;
			sourceTree = "<group>";
		};
		E1C437E2201F3B6C00FE1BB3 /* LaunchScreen.storyboard */ = {
			isa = PBXVariantGroup;
			children = (
				E1C437E3201F3B6C00FE1BB3 /* Base */,
			);
			name = LaunchScreen.storyboard;
			sourceTree = "<group>";
		};
/* End PBXVariantGroup section */

/* Begin XCBuildConfiguration section */
		E1C437FC201F3B6C00FE1BB3 /* Debug */ = {
			isa = XCBuildConfiguration;
			buildSettings = {
				ALWAYS_SEARCH_USER_PATHS = NO;
				CLANG_ANALYZER_NONNULL = YES;
				CLANG_ANALYZER_NUMBER_OBJECT_CONVERSION = YES_AGGRESSIVE;
				CLANG_CXX_LANGUAGE_STANDARD = "gnu++14";
				CLANG_CXX_LIBRARY = "libc++";
				CLANG_ENABLE_MODULES = YES;
				CLANG_ENABLE_OBJC_ARC = YES;
				CLANG_WARN_BLOCK_CAPTURE_AUTORELEASING = YES;
				CLANG_WARN_BOOL_CONVERSION = YES;
				CLANG_WARN_COMMA = YES;
				CLANG_WARN_CONSTANT_CONVERSION = YES;
				CLANG_WARN_DIRECT_OBJC_ISA_USAGE = YES_ERROR;
				CLANG_WARN_DOCUMENTATION_COMMENTS = YES;
				CLANG_WARN_EMPTY_BODY = YES;
				CLANG_WARN_ENUM_CONVERSION = YES;
				CLANG_WARN_INFINITE_RECURSION = YES;
				CLANG_WARN_INT_CONVERSION = YES;
				CLANG_WARN_NON_LITERAL_NULL_CONVERSION = YES;
				CLANG_WARN_OBJC_LITERAL_CONVERSION = YES;
				CLANG_WARN_OBJC_ROOT_CLASS = YES_ERROR;
				CLANG_WARN_RANGE_LOOP_ANALYSIS = YES;
				CLANG_WARN_STRICT_PROTOTYPES = YES;
				CLANG_WARN_SUSPICIOUS_MOVE = YES;
				CLANG_WARN_UNGUARDED_AVAILABILITY = YES_AGGRESSIVE;
				CLANG_WARN_UNREACHABLE_CODE = YES;
				CLANG_WARN__DUPLICATE_METHOD_MATCH = YES;
				CODE_SIGN_IDENTITY = "iPhone Developer";
				COPY_PHASE_STRIP = NO;
				DEBUG_INFORMATION_FORMAT = dwarf;
				ENABLE_STRICT_OBJC_MSGSEND = YES;
				ENABLE_TESTABILITY = YES;
				GCC_C_LANGUAGE_STANDARD = gnu11;
				GCC_DYNAMIC_NO_PIC = NO;
				GCC_NO_COMMON_BLOCKS = YES;
				GCC_OPTIMIZATION_LEVEL = 0;
				GCC_PREPROCESSOR_DEFINITIONS = (
					"DEBUG=1",
					"$(inherited)",
				);
				GCC_WARN_64_TO_32_BIT_CONVERSION = YES;
				GCC_WARN_ABOUT_RETURN_TYPE = YES_ERROR;
				GCC_WARN_UNDECLARED_SELECTOR = YES;
				GCC_WARN_UNINITIALIZED_AUTOS = YES_AGGRESSIVE;
				GCC_WARN_UNUSED_FUNCTION = YES;
				GCC_WARN_UNUSED_VARIABLE = YES;
				IPHONEOS_DEPLOYMENT_TARGET = 11.2;
				MTL_ENABLE_DEBUG_INFO = YES;
				ONLY_ACTIVE_ARCH = YES;
				SDKROOT = iphoneos;
				SWIFT_ACTIVE_COMPILATION_CONDITIONS = DEBUG;
				SWIFT_OPTIMIZATION_LEVEL = "-Onone";
			};
			name = Debug;
		};
		E1C437FD201F3B6C00FE1BB3 /* Release */ = {
			isa = XCBuildConfiguration;
			buildSettings = {
				ALWAYS_SEARCH_USER_PATHS = NO;
				CLANG_ANALYZER_NONNULL = YES;
				CLANG_ANALYZER_NUMBER_OBJECT_CONVERSION = YES_AGGRESSIVE;
				CLANG_CXX_LANGUAGE_STANDARD = "gnu++14";
				CLANG_CXX_LIBRARY = "libc++";
				CLANG_ENABLE_MODULES = YES;
				CLANG_ENABLE_OBJC_ARC = YES;
				CLANG_WARN_BLOCK_CAPTURE_AUTORELEASING = YES;
				CLANG_WARN_BOOL_CONVERSION = YES;
				CLANG_WARN_COMMA = YES;
				CLANG_WARN_CONSTANT_CONVERSION = YES;
				CLANG_WARN_DIRECT_OBJC_ISA_USAGE = YES_ERROR;
				CLANG_WARN_DOCUMENTATION_COMMENTS = YES;
				CLANG_WARN_EMPTY_BODY = YES;
				CLANG_WARN_ENUM_CONVERSION = YES;
				CLANG_WARN_INFINITE_RECURSION = YES;
				CLANG_WARN_INT_CONVERSION = YES;
				CLANG_WARN_NON_LITERAL_NULL_CONVERSION = YES;
				CLANG_WARN_OBJC_LITERAL_CONVERSION = YES;
				CLANG_WARN_OBJC_ROOT_CLASS = YES_ERROR;
				CLANG_WARN_RANGE_LOOP_ANALYSIS = YES;
				CLANG_WARN_STRICT_PROTOTYPES = YES;
				CLANG_WARN_SUSPICIOUS_MOVE = YES;
				CLANG_WARN_UNGUARDED_AVAILABILITY = YES_AGGRESSIVE;
				CLANG_WARN_UNREACHABLE_CODE = YES;
				CLANG_WARN__DUPLICATE_METHOD_MATCH = YES;
				CODE_SIGN_IDENTITY = "iPhone Developer";
				COPY_PHASE_STRIP = NO;
				DEBUG_INFORMATION_FORMAT = "dwarf-with-dsym";
				ENABLE_NS_ASSERTIONS = NO;
				ENABLE_STRICT_OBJC_MSGSEND = YES;
				GCC_C_LANGUAGE_STANDARD = gnu11;
				GCC_NO_COMMON_BLOCKS = YES;
				GCC_WARN_64_TO_32_BIT_CONVERSION = YES;
				GCC_WARN_ABOUT_RETURN_TYPE = YES_ERROR;
				GCC_WARN_UNDECLARED_SELECTOR = YES;
				GCC_WARN_UNINITIALIZED_AUTOS = YES_AGGRESSIVE;
				GCC_WARN_UNUSED_FUNCTION = YES;
				GCC_WARN_UNUSED_VARIABLE = YES;
				IPHONEOS_DEPLOYMENT_TARGET = 11.2;
				MTL_ENABLE_DEBUG_INFO = NO;
				SDKROOT = iphoneos;
				SWIFT_OPTIMIZATION_LEVEL = "-Owholemodule";
				VALIDATE_PRODUCT = YES;
			};
			name = Release;
		};
		E1C437FF201F3B6C00FE1BB3 /* Debug */ = {
			isa = XCBuildConfiguration;
			baseConfigurationReference = 03EB78E517AE56F3FCB3FF38 /* Pods-NMDb.debug.xcconfig */;
			buildSettings = {
				ASSETCATALOG_COMPILER_APPICON_NAME = AppIcon;
				"CODE_SIGN_IDENTITY[sdk=iphoneos*]" = "iPhone Developer";
				CODE_SIGN_STYLE = Automatic;
				DEVELOPMENT_TEAM = ZKQM2ZUTF7;
				FRAMEWORK_SEARCH_PATHS = (
					"$(inherited)",
					"$(PROJECT_DIR)/Carthage/Build/iOS",
				);
				INFOPLIST_FILE = "$(SRCROOT)/NMDb/Supporting Files/Info.plist";
				LD_RUNPATH_SEARCH_PATHS = "$(inherited) @executable_path/Frameworks";
				PRODUCT_BUNDLE_IDENTIFIER = com.nucci.nmdb;
				PRODUCT_NAME = "$(TARGET_NAME)";
				PROVISIONING_PROFILE_SPECIFIER = "";
				SWIFT_VERSION = 4.0;
				TARGETED_DEVICE_FAMILY = "1,2";
			};
			name = Debug;
		};
		E1C43800201F3B6C00FE1BB3 /* Release */ = {
			isa = XCBuildConfiguration;
			baseConfigurationReference = C680BCC1B7BD383BB4FFD9F2 /* Pods-NMDb.release.xcconfig */;
			buildSettings = {
				ASSETCATALOG_COMPILER_APPICON_NAME = AppIcon;
				"CODE_SIGN_IDENTITY[sdk=iphoneos*]" = "iPhone Developer";
				CODE_SIGN_STYLE = Automatic;
				DEVELOPMENT_TEAM = ZKQM2ZUTF7;
				FRAMEWORK_SEARCH_PATHS = (
					"$(inherited)",
					"$(PROJECT_DIR)/Carthage/Build/iOS",
				);
				INFOPLIST_FILE = "$(SRCROOT)/NMDb/Supporting Files/Info.plist";
				LD_RUNPATH_SEARCH_PATHS = "$(inherited) @executable_path/Frameworks";
				PRODUCT_BUNDLE_IDENTIFIER = com.nucci.nmdb;
				PRODUCT_NAME = "$(TARGET_NAME)";
				PROVISIONING_PROFILE_SPECIFIER = "";
				SWIFT_VERSION = 4.0;
				TARGETED_DEVICE_FAMILY = "1,2";
			};
			name = Release;
		};
		E1C43802201F3B6C00FE1BB3 /* Debug */ = {
			isa = XCBuildConfiguration;
			baseConfigurationReference = 087A98803807D68A36CC70E1 /* Pods-NMDbTests.debug.xcconfig */;
			buildSettings = {
				ALWAYS_EMBED_SWIFT_STANDARD_LIBRARIES = YES;
				BUNDLE_LOADER = "$(TEST_HOST)";
				CODE_SIGN_STYLE = Automatic;
				DEVELOPMENT_TEAM = ZKQM2ZUTF7;
				INFOPLIST_FILE = NMDbTests/Info.plist;
				LD_RUNPATH_SEARCH_PATHS = "$(inherited) @executable_path/Frameworks @loader_path/Frameworks";
				PRODUCT_BUNDLE_IDENTIFIER = com.nucci.NMDbTests;
				PRODUCT_NAME = "$(TARGET_NAME)";
				SWIFT_VERSION = 4.0;
				TARGETED_DEVICE_FAMILY = "1,2";
				TEST_HOST = "$(BUILT_PRODUCTS_DIR)/NMDb.app/NMDb";
			};
			name = Debug;
		};
		E1C43803201F3B6C00FE1BB3 /* Release */ = {
			isa = XCBuildConfiguration;
			baseConfigurationReference = 59C213B138ABA5EBE4D564AD /* Pods-NMDbTests.release.xcconfig */;
			buildSettings = {
				ALWAYS_EMBED_SWIFT_STANDARD_LIBRARIES = YES;
				BUNDLE_LOADER = "$(TEST_HOST)";
				CODE_SIGN_STYLE = Automatic;
				DEVELOPMENT_TEAM = ZKQM2ZUTF7;
				INFOPLIST_FILE = NMDbTests/Info.plist;
				LD_RUNPATH_SEARCH_PATHS = "$(inherited) @executable_path/Frameworks @loader_path/Frameworks";
				PRODUCT_BUNDLE_IDENTIFIER = com.nucci.NMDbTests;
				PRODUCT_NAME = "$(TARGET_NAME)";
				SWIFT_VERSION = 4.0;
				TARGETED_DEVICE_FAMILY = "1,2";
				TEST_HOST = "$(BUILT_PRODUCTS_DIR)/NMDb.app/NMDb";
			};
			name = Release;
		};
		E1C43805201F3B6C00FE1BB3 /* Debug */ = {
			isa = XCBuildConfiguration;
			baseConfigurationReference = 6BA20440B42E0F9C405881E8 /* Pods-NMDbUITests.debug.xcconfig */;
			buildSettings = {
				ALWAYS_EMBED_SWIFT_STANDARD_LIBRARIES = YES;
				CODE_SIGN_STYLE = Automatic;
				DEVELOPMENT_TEAM = ZKQM2ZUTF7;
				INFOPLIST_FILE = NMDbUITests/Info.plist;
				LD_RUNPATH_SEARCH_PATHS = "$(inherited) @executable_path/Frameworks @loader_path/Frameworks";
				PRODUCT_BUNDLE_IDENTIFIER = com.nucci.NMDbUITests;
				PRODUCT_NAME = "$(TARGET_NAME)";
				SWIFT_VERSION = 4.0;
				TARGETED_DEVICE_FAMILY = "1,2";
				TEST_TARGET_NAME = NMDb;
			};
			name = Debug;
		};
		E1C43806201F3B6C00FE1BB3 /* Release */ = {
			isa = XCBuildConfiguration;
			baseConfigurationReference = C9297E73FB89635ADB56009A /* Pods-NMDbUITests.release.xcconfig */;
			buildSettings = {
				ALWAYS_EMBED_SWIFT_STANDARD_LIBRARIES = YES;
				CODE_SIGN_STYLE = Automatic;
				DEVELOPMENT_TEAM = ZKQM2ZUTF7;
				INFOPLIST_FILE = NMDbUITests/Info.plist;
				LD_RUNPATH_SEARCH_PATHS = "$(inherited) @executable_path/Frameworks @loader_path/Frameworks";
				PRODUCT_BUNDLE_IDENTIFIER = com.nucci.NMDbUITests;
				PRODUCT_NAME = "$(TARGET_NAME)";
				SWIFT_VERSION = 4.0;
				TARGETED_DEVICE_FAMILY = "1,2";
				TEST_TARGET_NAME = NMDb;
			};
			name = Release;
		};
/* End XCBuildConfiguration section */

/* Begin XCConfigurationList section */
		E1C437D1201F3B6C00FE1BB3 /* Build configuration list for PBXProject "NMDb" */ = {
			isa = XCConfigurationList;
			buildConfigurations = (
				E1C437FC201F3B6C00FE1BB3 /* Debug */,
				E1C437FD201F3B6C00FE1BB3 /* Release */,
			);
			defaultConfigurationIsVisible = 0;
			defaultConfigurationName = Release;
		};
		E1C437FE201F3B6C00FE1BB3 /* Build configuration list for PBXNativeTarget "NMDb" */ = {
			isa = XCConfigurationList;
			buildConfigurations = (
				E1C437FF201F3B6C00FE1BB3 /* Debug */,
				E1C43800201F3B6C00FE1BB3 /* Release */,
			);
			defaultConfigurationIsVisible = 0;
			defaultConfigurationName = Release;
		};
		E1C43801201F3B6C00FE1BB3 /* Build configuration list for PBXNativeTarget "NMDbTests" */ = {
			isa = XCConfigurationList;
			buildConfigurations = (
				E1C43802201F3B6C00FE1BB3 /* Debug */,
				E1C43803201F3B6C00FE1BB3 /* Release */,
			);
			defaultConfigurationIsVisible = 0;
			defaultConfigurationName = Release;
		};
		E1C43804201F3B6C00FE1BB3 /* Build configuration list for PBXNativeTarget "NMDbUITests" */ = {
			isa = XCConfigurationList;
			buildConfigurations = (
				E1C43805201F3B6C00FE1BB3 /* Debug */,
				E1C43806201F3B6C00FE1BB3 /* Release */,
			);
			defaultConfigurationIsVisible = 0;
			defaultConfigurationName = Release;
		};
/* End XCConfigurationList section */
	};
	rootObject = E1C437CE201F3B6C00FE1BB3 /* Project object */;
}
